
Microsoft Visual Studio Solution File, Format Version 12.00
# Visual Studio Version 16
VisualStudioVersion = 16.0.31410.357
MinimumVisualStudioVersion = 10.0.40219.1
Project("{FAE04EC0-301F-11D3-BF4B-00C04F79EFBC}") = "Form.Android", "Form\Form.Android\Form.Android.csproj", "{2D26B801-C74A-4C36-87A9-B2007C682203}"
EndProject
Project("{FAE04EC0-301F-11D3-BF4B-00C04F79EFBC}") = "Form", "Form\Form\Form.csproj", "{3B5E283F-4C8A-4EF0-9B40-41DC0D9D550B}"
EndProject
Global
	GlobalSection(SolutionConfigurationPlatforms) = preSolution
		Debug|Any CPU = Debug|Any CPU
		Release|Any CPU = Release|Any CPU
	EndGlobalSection
	GlobalSection(ProjectConfigurationPlatforms) = postSolution
		{2D26B801-C74A-4C36-87A9-B2007C682203}.Debug|Any CPU.ActiveCfg = Debug|Any CPU
		{2D26B801-C74A-4C36-87A9-B2007C682203}.Debug|Any CPU.Build.0 = Debug|Any CPU
		{2D26B801-C74A-4C36-87A9-B2007C682203}.Debug|Any CPU.Deploy.0 = Debug|Any CPU
		{2D26B801-C74A-4C36-87A9-B2007C682203}.Release|Any CPU.ActiveCfg = Release|Any CPU
		{2D26B801-C74A-4C36-87A9-B2007C682203}.Release|Any CPU.Build.0 = Release|Any CPU
		{2D26B801-C74A-4C36-87A9-B2007C682203}.Release|Any CPU.Deploy.0 = Release|Any CPU
		{3B5E283F-4C8A-4EF0-9B40-41DC0D9D550B}.Debug|Any CPU.ActiveCfg = Debug|Any CPU
		{3B5E283F-4C8A-4EF0-9B40-41DC0D9D550B}.Debug|Any CPU.Build.0 = Debug|Any CPU
		{3B5E283F-4C8A-4EF0-9B40-41DC0D9D550B}.Debug|Any CPU.Deploy.0 = Debug|Any CPU
		{3B5E283F-4C8A-4EF0-9B40-41DC0D9D550B}.Release|Any CPU.ActiveCfg = Release|Any CPU
		{3B5E283F-4C8A-4EF0-9B40-41DC0D9D550B}.Release|Any CPU.Build.0 = Release|Any CPU
		{3B5E283F-4C8A-4EF0-9B40-41DC0D9D550B}.Release|Any CPU.Deploy.0 = Release|Any CPU
	EndGlobalSection
	GlobalSection(SolutionProperties) = preSolution
		HideSolutionNode = FALSE
	EndGlobalSection
	GlobalSection(ExtensibilityGlobals) = postSolution
		SolutionGuid = {3F06908A-CB79-4C42-9E23-24CDF943D273}
	EndGlobalSection
EndGlobal
